
Microsoft Visual Studio Solution File, Format Version 12.00
# Visual Studio 15
VisualStudioVersion = 15.0.26730.10
MinimumVisualStudioVersion = 10.0.40219.1
Project("{FAE04EC0-301F-11D3-BF4B-00C04F79EFBC}") = "Proiect_SMP", "Proiect_SMP\Proiect_SMP.csproj", "{CBAAB0F4-1492-4A41-AAC4-C358F37B2D50}"
EndProject
Global
	GlobalSection(SolutionConfigurationPlatforms) = preSolution
		Debug|Any CPU = Debug|Any CPU
		Release|Any CPU = Release|Any CPU
	EndGlobalSection
	GlobalSection(ProjectConfigurationPlatforms) = postSolution
		{CBAAB0F4-1492-4A41-AAC4-C358F37B2D50}.Debug|Any CPU.ActiveCfg = Debug|Any CPU
		{CBAAB0F4-1492-4A41-AAC4-C358F37B2D50}.Debug|Any CPU.Build.0 = Debug|Any CPU
		{CBAAB0F4-1492-4A41-AAC4-C358F37B2D50}.Release|Any CPU.ActiveCfg = Release|Any CPU
		{CBAAB0F4-1492-4A41-AAC4-C358F37B2D50}.Release|Any CPU.Build.0 = Release|Any CPU
	EndGlobalSection
	GlobalSection(SolutionProperties) = preSolution
		HideSolutionNode = FALSE
	EndGlobalSection
	GlobalSection(ExtensibilityGlobals) = postSolution
		SolutionGuid = {3DE336E3-E35C-4CE3-84C3-FE9321AED440}
	EndGlobalSection
EndGlobal
